// !$*UTF8*$!
{
	archiveVersion = 1;
	classes = {
	};
	objectVersion = 77;
	objects = {

/* Begin PBXContainerItemProxy section */
		07BBBE892D164A2D0037234D /* PBXContainerItemProxy */ = {
			isa = PBXContainerItemProxy;
			containerPortal = 07BBBE6F2D164A2B0037234D /* Project object */;
			proxyType = 1;
			remoteGlobalIDString = 07BBBE762D164A2B0037234D;
			remoteInfo = "habit-keepr";
		};
		07BBBE932D164A2D0037234D /* PBXContainerItemProxy */ = {
			isa = PBXContainerItemProxy;
			containerPortal = 07BBBE6F2D164A2B0037234D /* Project object */;
			proxyType = 1;
			remoteGlobalIDString = 07BBBE762D164A2B0037234D;
			remoteInfo = "habit-keepr";
		};
/* End PBXContainerItemProxy section */

/* Begin PBXFileReference section */
		07BBBE772D164A2B0037234D /* habit-keepr.app */ = {isa = PBXFileReference; explicitFileType = wrapper.application; includeInIndex = 0; path = "habit-keepr.app"; sourceTree = BUILT_PRODUCTS_DIR; };
		07BBBE882D164A2D0037234D /* habit-keeprTests.xctest */ = {isa = PBXFileReference; explicitFileType = wrapper.cfbundle; includeInIndex = 0; path = "habit-keeprTests.xctest"; sourceTree = BUILT_PRODUCTS_DIR; };
		07BBBE922D164A2D0037234D /* habit-keeprUITests.xctest */ = {isa = PBXFileReference; explicitFileType = wrapper.cfbundle; includeInIndex = 0; path = "habit-keeprUITests.xctest"; sourceTree = BUILT_PRODUCTS_DIR; };
/* End PBXFileReference section */

/* Begin PBXFileSystemSynchronizedRootGroup section */
		07BBBE792D164A2B0037234D /* habit-keepr */ = {
			isa = PBXFileSystemSynchronizedRootGroup;
			path = "habit-keepr";
			sourceTree = "<group>";
		};
		07BBBE8B2D164A2D0037234D /* habit-keeprTests */ = {
			isa = PBXFileSystemSynchronizedRootGroup;
			path = "habit-keeprTests";
			sourceTree = "<group>";
		};
		07BBBE952D164A2D0037234D /* habit-keeprUITests */ = {
			isa = PBXFileSystemSynchronizedRootGroup;
			path = "habit-keeprUITests";
			sourceTree = "<group>";
		};
/* End PBXFileSystemSynchronizedRootGroup section */

/* Begin PBXFrameworksBuildPhase section */
		07BBBE742D164A2B0037234D /* Frameworks */ = {
			isa = PBXFrameworksBuildPhase;
			buildActionMask = 2147483647;
			files = (
			);
			runOnlyForDeploymentPostprocessing = 0;
		};
		07BBBE852D164A2D0037234D /* Frameworks */ = {
			isa = PBXFrameworksBuildPhase;
			buildActionMask = 2147483647;
			files = (
			);
			runOnlyForDeploymentPostprocessing = 0;
		};
		07BBBE8F2D164A2D0037234D /* Frameworks */ = {
			isa = PBXFrameworksBuildPhase;
			buildActionMask = 2147483647;
			files = (
			);
			runOnlyForDeploymentPostprocessing = 0;
		};
/* End PBXFrameworksBuildPhase section */

/* Begin PBXGroup section */
		07BBBE6E2D164A2B0037234D = {
			isa = PBXGroup;
			children = (
				07BBBE792D164A2B0037234D /* habit-keepr */,
				07BBBE8B2D164A2D0037234D /* habit-keeprTests */,
				07BBBE952D164A2D0037234D /* habit-keeprUITests */,
				07BBBE782D164A2B0037234D /* Products */,
			);
			sourceTree = "<group>";
		};
		07BBBE782D164A2B0037234D /* Products */ = {
			isa = PBXGroup;
			children = (
				07BBBE772D164A2B0037234D /* habit-keepr.app */,
				07BBBE882D164A2D0037234D /* habit-keeprTests.xctest */,
				07BBBE922D164A2D0037234D /* habit-keeprUITests.xctest */,
			);
			name = Products;
			sourceTree = "<group>";
		};
/* End PBXGroup section */

/* Begin PBXNativeTarget section */
		07BBBE762D164A2B0037234D /* habit-keepr */ = {
			isa = PBXNativeTarget;
			buildConfigurationList = 07BBBE9C2D164A2D0037234D /* Build configuration list for PBXNativeTarget "habit-keepr" */;
			buildPhases = (
				07BBBE732D164A2B0037234D /* Sources */,
				07BBBE742D164A2B0037234D /* Frameworks */,
				07BBBE752D164A2B0037234D /* Resources */,
			);
			buildRules = (
			);
			dependencies = (
			);
			fileSystemSynchronizedGroups = (
				07BBBE792D164A2B0037234D /* habit-keepr */,
			);
			name = "habit-keepr";
			packageProductDependencies = (
			);
			productName = "habit-keepr";
			productReference = 07BBBE772D164A2B0037234D /* habit-keepr.app */;
			productType = "com.apple.product-type.application";
		};
		07BBBE872D164A2D0037234D /* habit-keeprTests */ = {
			isa = PBXNativeTarget;
			buildConfigurationList = 07BBBE9F2D164A2D0037234D /* Build configuration list for PBXNativeTarget "habit-keeprTests" */;
			buildPhases = (
				07BBBE842D164A2D0037234D /* Sources */,
				07BBBE852D164A2D0037234D /* Frameworks */,
				07BBBE862D164A2D0037234D /* Resources */,
			);
			buildRules = (
			);
			dependencies = (
				07BBBE8A2D164A2D0037234D /* PBXTargetDependency */,
			);
			fileSystemSynchronizedGroups = (
				07BBBE8B2D164A2D0037234D /* habit-keeprTests */,
			);
			name = "habit-keeprTests";
			packageProductDependencies = (
			);
			productName = "habit-keeprTests";
			productReference = 07BBBE882D164A2D0037234D /* habit-keeprTests.xctest */;
			productType = "com.apple.product-type.bundle.unit-test";
		};
		07BBBE912D164A2D0037234D /* habit-keeprUITests */ = {
			isa = PBXNativeTarget;
			buildConfigurationList = 07BBBEA22D164A2D0037234D /* Build configuration list for PBXNativeTarget "habit-keeprUITests" */;
			buildPhases = (
				07BBBE8E2D164A2D0037234D /* Sources */,
				07BBBE8F2D164A2D0037234D /* Frameworks */,
				07BBBE902D164A2D0037234D /* Resources */,
			);
			buildRules = (
			);
			dependencies = (
				07BBBE942D164A2D0037234D /* PBXTargetDependency */,
			);
			fileSystemSynchronizedGroups = (
				07BBBE952D164A2D0037234D /* habit-keeprUITests */,
			);
			name = "habit-keeprUITests";
			packageProductDependencies = (
			);
			productName = "habit-keeprUITests";
			productReference = 07BBBE922D164A2D0037234D /* habit-keeprUITests.xctest */;
			productType = "com.apple.product-type.bundle.ui-testing";
		};
/* End PBXNativeTarget section */

/* Begin PBXProject section */
		07BBBE6F2D164A2B0037234D /* Project object */ = {
			isa = PBXProject;
			attributes = {
				BuildIndependentTargetsInParallel = 1;
				LastSwiftUpdateCheck = 1600;
				LastUpgradeCheck = 1600;
				TargetAttributes = {
					07BBBE762D164A2B0037234D = {
						CreatedOnToolsVersion = 16.0;
					};
					07BBBE872D164A2D0037234D = {
						CreatedOnToolsVersion = 16.0;
						TestTargetID = 07BBBE762D164A2B0037234D;
					};
					07BBBE912D164A2D0037234D = {
						CreatedOnToolsVersion = 16.0;
						TestTargetID = 07BBBE762D164A2B0037234D;
					};
				};
			};
			buildConfigurationList = 07BBBE722D164A2B0037234D /* Build configuration list for PBXProject "habit-keepr" */;
			developmentRegion = en;
			hasScannedForEncodings = 0;
			knownRegions = (
				en,
				Base,
			);
			mainGroup = 07BBBE6E2D164A2B0037234D;
			minimizedProjectReferenceProxies = 1;
			preferredProjectObjectVersion = 77;
			productRefGroup = 07BBBE782D164A2B0037234D /* Products */;
			projectDirPath = "";
			projectRoot = "";
			targets = (
				07BBBE762D164A2B0037234D /* habit-keepr */,
				07BBBE872D164A2D0037234D /* habit-keeprTests */,
				07BBBE912D164A2D0037234D /* habit-keeprUITests */,
			);
		};
/* End PBXProject section */

/* Begin PBXResourcesBuildPhase section */
		07BBBE752D164A2B0037234D /* Resources */ = {
			isa = PBXResourcesBuildPhase;
			buildActionMask = 2147483647;
			files = (
			);
			runOnlyForDeploymentPostprocessing = 0;
		};
		07BBBE862D164A2D0037234D /* Resources */ = {
			isa = PBXResourcesBuildPhase;
			buildActionMask = 2147483647;
			files = (
			);
			runOnlyForDeploymentPostprocessing = 0;
		};
		07BBBE902D164A2D0037234D /* Resources */ = {
			isa = PBXResourcesBuildPhase;
			buildActionMask = 2147483647;
			files = (
			);
			runOnlyForDeploymentPostprocessing = 0;
		};
/* End PBXResourcesBuildPhase section */

/* Begin PBXSourcesBuildPhase section */
		07BBBE732D164A2B0037234D /* Sources */ = {
			isa = PBXSourcesBuildPhase;
			buildActionMask = 2147483647;
			files = (
			);
			runOnlyForDeploymentPostprocessing = 0;
		};
		07BBBE842D164A2D0037234D /* Sources */ = {
			isa = PBXSourcesBuildPhase;
			buildActionMask = 2147483647;
			files = (
			);
			runOnlyForDeploymentPostprocessing = 0;
		};
		07BBBE8E2D164A2D0037234D /* Sources */ = {
			isa = PBXSourcesBuildPhase;
			buildActionMask = 2147483647;
			files = (
			);
			runOnlyForDeploymentPostprocessing = 0;
		};
/* End PBXSourcesBuildPhase section */

/* Begin PBXTargetDependency section */
		07BBBE8A2D164A2D0037234D /* PBXTargetDependency */ = {
			isa = PBXTargetDependency;
			target = 07BBBE762D164A2B0037234D /* habit-keepr */;
			targetProxy = 07BBBE892D164A2D0037234D /* PBXContainerItemProxy */;
		};
		07BBBE942D164A2D0037234D /* PBXTargetDependency */ = {
			isa = PBXTargetDependency;
			target = 07BBBE762D164A2B0037234D /* habit-keepr */;
			targetProxy = 07BBBE932D164A2D0037234D /* PBXContainerItemProxy */;
		};
/* End PBXTargetDependency section */

/* Begin XCBuildConfiguration section */
		07BBBE9A2D164A2D0037234D /* Debug */ = {
			isa = XCBuildConfiguration;
			buildSettings = {
				ALWAYS_SEARCH_USER_PATHS = NO;
				ASSETCATALOG_COMPILER_GENERATE_SWIFT_ASSET_SYMBOL_EXTENSIONS = YES;
				CLANG_ANALYZER_NONNULL = YES;
				CLANG_ANALYZER_NUMBER_OBJECT_CONVERSION = YES_AGGRESSIVE;
				CLANG_CXX_LANGUAGE_STANDARD = "gnu++20";
				CLANG_ENABLE_MODULES = YES;
				CLANG_ENABLE_OBJC_ARC = YES;
				CLANG_ENABLE_OBJC_WEAK = YES;
				CLANG_WARN_BLOCK_CAPTURE_AUTORELEASING = YES;
				CLANG_WARN_BOOL_CONVERSION = YES;
				CLANG_WARN_COMMA = YES;
				CLANG_WARN_CONSTANT_CONVERSION = YES;
				CLANG_WARN_DEPRECATED_OBJC_IMPLEMENTATIONS = YES;
				CLANG_WARN_DIRECT_OBJC_ISA_USAGE = YES_ERROR;
				CLANG_WARN_DOCUMENTATION_COMMENTS = YES;
				CLANG_WARN_EMPTY_BODY = YES;
				CLANG_WARN_ENUM_CONVERSION = YES;
				CLANG_WARN_INFINITE_RECURSION = YES;
				CLANG_WARN_INT_CONVERSION = YES;
				CLANG_WARN_NON_LITERAL_NULL_CONVERSION = YES;
				CLANG_WARN_OBJC_IMPLICIT_RETAIN_SELF = YES;
				CLANG_WARN_OBJC_LITERAL_CONVERSION = YES;
				CLANG_WARN_OBJC_ROOT_CLASS = YES_ERROR;
				CLANG_WARN_QUOTED_INCLUDE_IN_FRAMEWORK_HEADER = YES;
				CLANG_WARN_RANGE_LOOP_ANALYSIS = YES;
				CLANG_WARN_STRICT_PROTOTYPES = YES;
				CLANG_WARN_SUSPICIOUS_MOVE = YES;
				CLANG_WARN_UNGUARDED_AVAILABILITY = YES_AGGRESSIVE;
				CLANG_WARN_UNREACHABLE_CODE = YES;
				CLANG_WARN__DUPLICATE_METHOD_MATCH = YES;
				COPY_PHASE_STRIP = NO;
				DEBUG_INFORMATION_FORMAT = dwarf;
				ENABLE_STRICT_OBJC_MSGSEND = YES;
				ENABLE_TESTABILITY = YES;
				ENABLE_USER_SCRIPT_SANDBOXING = YES;
				GCC_C_LANGUAGE_STANDARD = gnu17;
				GCC_DYNAMIC_NO_PIC = NO;
				GCC_NO_COMMON_BLOCKS = YES;
				GCC_OPTIMIZATION_LEVEL = 0;
				GCC_PREPROCESSOR_DEFINITIONS = (
					"DEBUG=1",
					"$(inherited)",
				);
				GCC_WARN_64_TO_32_BIT_CONVERSION = YES;
				GCC_WARN_ABOUT_RETURN_TYPE = YES_ERROR;
				GCC_WARN_UNDECLARED_SELECTOR = YES;
				GCC_WARN_UNINITIALIZED_AUTOS = YES_AGGRESSIVE;
				GCC_WARN_UNUSED_FUNCTION = YES;
				GCC_WARN_UNUSED_VARIABLE = YES;
				LOCALIZATION_PREFERS_STRING_CATALOGS = YES;
				MACOSX_DEPLOYMENT_TARGET = 15.0;
				MTL_ENABLE_DEBUG_INFO = INCLUDE_SOURCE;
				MTL_FAST_MATH = YES;
				ONLY_ACTIVE_ARCH = YES;
				SDKROOT = macosx;
				SWIFT_ACTIVE_COMPILATION_CONDITIONS = "DEBUG $(inherited)";
				SWIFT_OPTIMIZATION_LEVEL = "-Onone";
			};
			name = Debug;
		};
		07BBBE9B2D164A2D0037234D /* Release */ = {
			isa = XCBuildConfiguration;
			buildSettings = {
				ALWAYS_SEARCH_USER_PATHS = NO;
				ASSETCATALOG_COMPILER_GENERATE_SWIFT_ASSET_SYMBOL_EXTENSIONS = YES;
				CLANG_ANALYZER_NONNULL = YES;
				CLANG_ANALYZER_NUMBER_OBJECT_CONVERSION = YES_AGGRESSIVE;
				CLANG_CXX_LANGUAGE_STANDARD = "gnu++20";
				CLANG_ENABLE_MODULES = YES;
				CLANG_ENABLE_OBJC_ARC = YES;
				CLANG_ENABLE_OBJC_WEAK = YES;
				CLANG_WARN_BLOCK_CAPTURE_AUTORELEASING = YES;
				CLANG_WARN_BOOL_CONVERSION = YES;
				CLANG_WARN_COMMA = YES;
				CLANG_WARN_CONSTANT_CONVERSION = YES;
				CLANG_WARN_DEPRECATED_OBJC_IMPLEMENTATIONS = YES;
				CLANG_WARN_DIRECT_OBJC_ISA_USAGE = YES_ERROR;
				CLANG_WARN_DOCUMENTATION_COMMENTS = YES;
				CLANG_WARN_EMPTY_BODY = YES;
				CLANG_WARN_ENUM_CONVERSION = YES;
				CLANG_WARN_INFINITE_RECURSION = YES;
				CLANG_WARN_INT_CONVERSION = YES;
				CLANG_WARN_NON_LITERAL_NULL_CONVERSION = YES;
				CLANG_WARN_OBJC_IMPLICIT_RETAIN_SELF = YES;
				CLANG_WARN_OBJC_LITERAL_CONVERSION = YES;
				CLANG_WARN_OBJC_ROOT_CLASS = YES_ERROR;
				CLANG_WARN_QUOTED_INCLUDE_IN_FRAMEWORK_HEADER = YES;
				CLANG_WARN_RANGE_LOOP_ANALYSIS = YES;
				CLANG_WARN_STRICT_PROTOTYPES = YES;
				CLANG_WARN_SUSPICIOUS_MOVE = YES;
				CLANG_WARN_UNGUARDED_AVAILABILITY = YES_AGGRESSIVE;
				CLANG_WARN_UNREACHABLE_CODE = YES;
				CLANG_WARN__DUPLICATE_METHOD_MATCH = YES;
				COPY_PHASE_STRIP = NO;
				DEBUG_INFORMATION_FORMAT = "dwarf-with-dsym";
				ENABLE_NS_ASSERTIONS = NO;
				ENABLE_STRICT_OBJC_MSGSEND = YES;
				ENABLE_USER_SCRIPT_SANDBOXING = YES;
				GCC_C_LANGUAGE_STANDARD = gnu17;
				GCC_NO_COMMON_BLOCKS = YES;
				GCC_WARN_64_TO_32_BIT_CONVERSION = YES;
				GCC_WARN_ABOUT_RETURN_TYPE = YES_ERROR;
				GCC_WARN_UNDECLARED_SELECTOR = YES;
				GCC_WARN_UNINITIALIZED_AUTOS = YES_AGGRESSIVE;
				GCC_WARN_UNUSED_FUNCTION = YES;
				GCC_WARN_UNUSED_VARIABLE = YES;
				LOCALIZATION_PREFERS_STRING_CATALOGS = YES;
				MACOSX_DEPLOYMENT_TARGET = 15.0;
				MTL_ENABLE_DEBUG_INFO = NO;
				MTL_FAST_MATH = YES;
				SDKROOT = macosx;
				SWIFT_COMPILATION_MODE = wholemodule;
			};
			name = Release;
		};
		07BBBE9D2D164A2D0037234D /* Debug */ = {
			isa = XCBuildConfiguration;
			buildSettings = {
				ASSETCATALOG_COMPILER_APPICON_NAME = AppIcon;
				ASSETCATALOG_COMPILER_GLOBAL_ACCENT_COLOR_NAME = AccentColor;
				CODE_SIGN_ENTITLEMENTS = "habit-keepr/habit_keepr.entitlements";
				CODE_SIGN_STYLE = Automatic;
				COMBINE_HIDPI_IMAGES = YES;
				CURRENT_PROJECT_VERSION = 1;
				DEVELOPMENT_ASSET_PATHS = "\"habit-keepr/Preview Content\"";
				DEVELOPMENT_TEAM = M49A8UHBK6;
				ENABLE_HARDENED_RUNTIME = YES;
				ENABLE_PREVIEWS = YES;
				GENERATE_INFOPLIST_FILE = YES;
				INFOPLIST_KEY_NSHumanReadableCopyright = "";
				LD_RUNPATH_SEARCH_PATHS = (
					"$(inherited)",
					"@executable_path/../Frameworks",
				);
				MARKETING_VERSION = 1.0;
				PRODUCT_BUNDLE_IDENTIFIER = "weblwabl.habit-keepr";
				PRODUCT_NAME = "$(TARGET_NAME)";
				SWIFT_EMIT_LOC_STRINGS = YES;
				SWIFT_VERSION = 5.0;
			};
			name = Debug;
		};
		07BBBE9E2D164A2D0037234D /* Release */ = {
			isa = XCBuildConfiguration;
			buildSettings = {
				ASSETCATALOG_COMPILER_APPICON_NAME = AppIcon;
				ASSETCATALOG_COMPILER_GLOBAL_ACCENT_COLOR_NAME = AccentColor;
				CODE_SIGN_ENTITLEMENTS = "habit-keepr/habit_keepr.entitlements";
				CODE_SIGN_STYLE = Automatic;
				COMBINE_HIDPI_IMAGES = YES;
				CURRENT_PROJECT_VERSION = 1;
				DEVELOPMENT_ASSET_PATHS = "\"habit-keepr/Preview Content\"";
				DEVELOPMENT_TEAM = M49A8UHBK6;
				ENABLE_HARDENED_RUNTIME = YES;
				ENABLE_PREVIEWS = YES;
				GENERATE_INFOPLIST_FILE = YES;
				INFOPLIST_KEY_NSHumanReadableCopyright = "";
				LD_RUNPATH_SEARCH_PATHS = (
					"$(inherited)",
					"@executable_path/../Frameworks",
				);
				MARKETING_VERSION = 1.0;
				PRODUCT_BUNDLE_IDENTIFIER = "weblwabl.habit-keepr";
				PRODUCT_NAME = "$(TARGET_NAME)";
				SWIFT_EMIT_LOC_STRINGS = YES;
				SWIFT_VERSION = 5.0;
			};
			name = Release;
		};
		07BBBEA02D164A2D0037234D /* Debug */ = {
			isa = XCBuildConfiguration;
			buildSettings = {
				BUNDLE_LOADER = "$(TEST_HOST)";
				CODE_SIGN_STYLE = Automatic;
				CURRENT_PROJECT_VERSION = 1;
				DEVELOPMENT_TEAM = M49A8UHBK6;
				GENERATE_INFOPLIST_FILE = YES;
				MACOSX_DEPLOYMENT_TARGET = 15.0;
				MARKETING_VERSION = 1.0;
				PRODUCT_BUNDLE_IDENTIFIER = "weblwabl.habit-keeprTests";
				PRODUCT_NAME = "$(TARGET_NAME)";
				SWIFT_EMIT_LOC_STRINGS = NO;
				SWIFT_VERSION = 5.0;
				TEST_HOST = "$(BUILT_PRODUCTS_DIR)/habit-keepr.app/$(BUNDLE_EXECUTABLE_FOLDER_PATH)/habit-keepr";
			};
			name = Debug;
		};
		07BBBEA12D164A2D0037234D /* Release */ = {
			isa = XCBuildConfiguration;
			buildSettings = {
				BUNDLE_LOADER = "$(TEST_HOST)";
				CODE_SIGN_STYLE = Automatic;
				CURRENT_PROJECT_VERSION = 1;
				DEVELOPMENT_TEAM = M49A8UHBK6;
				GENERATE_INFOPLIST_FILE = YES;
				MACOSX_DEPLOYMENT_TARGET = 15.0;
				MARKETING_VERSION = 1.0;
				PRODUCT_BUNDLE_IDENTIFIER = "weblwabl.habit-keeprTests";
				PRODUCT_NAME = "$(TARGET_NAME)";
				SWIFT_EMIT_LOC_STRINGS = NO;
				SWIFT_VERSION = 5.0;
				TEST_HOST = "$(BUILT_PRODUCTS_DIR)/habit-keepr.app/$(BUNDLE_EXECUTABLE_FOLDER_PATH)/habit-keepr";
			};
			name = Release;
		};
		07BBBEA32D164A2D0037234D /* Debug */ = {
			isa = XCBuildConfiguration;
			buildSettings = {
				CODE_SIGN_STYLE = Automatic;
				CURRENT_PROJECT_VERSION = 1;
				DEVELOPMENT_TEAM = M49A8UHBK6;
				GENERATE_INFOPLIST_FILE = YES;
				MARKETING_VERSION = 1.0;
				PRODUCT_BUNDLE_IDENTIFIER = "weblwabl.habit-keeprUITests";
				PRODUCT_NAME = "$(TARGET_NAME)";
				SWIFT_EMIT_LOC_STRINGS = NO;
				SWIFT_VERSION = 5.0;
				TEST_TARGET_NAME = "habit-keepr";
			};
			name = Debug;
		};
		07BBBEA42D164A2D0037234D /* Release */ = {
			isa = XCBuildConfiguration;
			buildSettings = {
				CODE_SIGN_STYLE = Automatic;
				CURRENT_PROJECT_VERSION = 1;
				DEVELOPMENT_TEAM = M49A8UHBK6;
				GENERATE_INFOPLIST_FILE = YES;
				MARKETING_VERSION = 1.0;
				PRODUCT_BUNDLE_IDENTIFIER = "weblwabl.habit-keeprUITests";
				PRODUCT_NAME = "$(TARGET_NAME)";
				SWIFT_EMIT_LOC_STRINGS = NO;
				SWIFT_VERSION = 5.0;
				TEST_TARGET_NAME = "habit-keepr";
			};
			name = Release;
		};
/* End XCBuildConfiguration section */

/* Begin XCConfigurationList section */
		07BBBE722D164A2B0037234D /* Build configuration list for PBXProject "habit-keepr" */ = {
			isa = XCConfigurationList;
			buildConfigurations = (
				07BBBE9A2D164A2D0037234D /* Debug */,
				07BBBE9B2D164A2D0037234D /* Release */,
			);
			defaultConfigurationIsVisible = 0;
			defaultConfigurationName = Release;
		};
		07BBBE9C2D164A2D0037234D /* Build configuration list for PBXNativeTarget "habit-keepr" */ = {
			isa = XCConfigurationList;
			buildConfigurations = (
				07BBBE9D2D164A2D0037234D /* Debug */,
				07BBBE9E2D164A2D0037234D /* Release */,
			);
			defaultConfigurationIsVisible = 0;
			defaultConfigurationName = Release;
		};
		07BBBE9F2D164A2D0037234D /* Build configuration list for PBXNativeTarget "habit-keeprTests" */ = {
			isa = XCConfigurationList;
			buildConfigurations = (
				07BBBEA02D164A2D0037234D /* Debug */,
				07BBBEA12D164A2D0037234D /* Release */,
			);
			defaultConfigurationIsVisible = 0;
			defaultConfigurationName = Release;
		};
		07BBBEA22D164A2D0037234D /* Build configuration list for PBXNativeTarget "habit-keeprUITests" */ = {
			isa = XCConfigurationList;
			buildConfigurations = (
				07BBBEA32D164A2D0037234D /* Debug */,
				07BBBEA42D164A2D0037234D /* Release */,
			);
			defaultConfigurationIsVisible = 0;
			defaultConfigurationName = Release;
		};
/* End XCConfigurationList section */
	};
	rootObject = 07BBBE6F2D164A2B0037234D /* Project object */;
}
